
Microsoft Visual Studio Solution File, Format Version 12.00
# Visual Studio 15
Project("{FAE04EC0-301F-11D3-BF4B-00C04F79EFBC}") = "UnityEngine.UI", "UnityEngine.UI.csproj", "{9CC0A4DE-3E9C-6E2F-9A29-EDF08A49C870}"
EndProject
Project("{FAE04EC0-301F-11D3-BF4B-00C04F79EFBC}") = "Unity.ProBuilder", "Unity.ProBuilder.csproj", "{9B20E12A-0FCA-62A1-F507-616E6447A6FC}"
EndProject
Project("{FAE04EC0-301F-11D3-BF4B-00C04F79EFBC}") = "UnityEngine.TestRunner", "UnityEngine.TestRunner.csproj", "{7DA03F1E-C574-2143-8DC1-F593EAB3026C}"
EndProject
Project("{FAE04EC0-301F-11D3-BF4B-00C04F79EFBC}") = "64bleat.Astronomy.Runtime", "64bleat.Astronomy.Runtime.csproj", "{BBA4BD57-B991-DE7D-EDF4-95598FEA1818}"
EndProject
Project("{FAE04EC0-301F-11D3-BF4B-00C04F79EFBC}") = "64bleat.TetraGen", "64bleat.TetraGen.csproj", "{B19AD233-DBF5-3BC0-2085-FC8C4ADC09CD}"
EndProject
Project("{FAE04EC0-301F-11D3-BF4B-00C04F79EFBC}") = "Unity.TextMeshPro", "Unity.TextMeshPro.csproj", "{7F903274-2DB2-3613-72FC-2168B5EE9320}"
EndProject
Project("{FAE04EC0-301F-11D3-BF4B-00C04F79EFBC}") = "MP", "MP.csproj", "{77C09CBA-E21C-6D9C-07C9-0984A2B61A31}"
EndProject
Project("{FAE04EC0-301F-11D3-BF4B-00C04F79EFBC}") = "Unity.Timeline", "Unity.Timeline.csproj", "{C2A9025C-181A-9BEA-1AFE-351260EC159A}"
EndProject
Project("{FAE04EC0-301F-11D3-BF4B-00C04F79EFBC}") = "Assembly-CSharp-firstpass", "Assembly-CSharp-firstpass.csproj", "{148CF0A5-76E0-FAF3-936B-2C1A96FDD2DA}"
EndProject
Project("{FAE04EC0-301F-11D3-BF4B-00C04F79EFBC}") = "64bleat.XMLSerialization.Runtime", "64bleat.XMLSerialization.Runtime.csproj", "{D325E381-5375-03DF-162F-077E1D515E0E}"
EndProject
Project("{FAE04EC0-301F-11D3-BF4B-00C04F79EFBC}") = "Unity.ProBuilder.Poly2Tri", "Unity.ProBuilder.Poly2Tri.csproj", "{BB6DE4F4-FE55-1F23-2F09-B84826861FCD}"
EndProject
Project("{FAE04EC0-301F-11D3-BF4B-00C04F79EFBC}") = "Assembly-CSharp", "Assembly-CSharp.csproj", "{90E1DEBD-B044-D622-828B-99315D945507}"
EndProject
Project("{FAE04EC0-301F-11D3-BF4B-00C04F79EFBC}") = "NaughtyAttributes.Core", "NaughtyAttributes.Core.csproj", "{A7ECD746-DDB9-592B-C952-40917C6E6363}"
EndProject
Project("{FAE04EC0-301F-11D3-BF4B-00C04F79EFBC}") = "NaughtyAttributes.Test", "NaughtyAttributes.Test.csproj", "{23BBC660-C6C6-D02D-916F-E4C1FF2CA9DB}"
EndProject
Project("{FAE04EC0-301F-11D3-BF4B-00C04F79EFBC}") = "Unity.ProBuilder.KdTree", "Unity.ProBuilder.KdTree.csproj", "{6F00A027-CE4D-9B78-55CF-6B339A2F6A7F}"
EndProject
Project("{FAE04EC0-301F-11D3-BF4B-00C04F79EFBC}") = "Unity.ProBuilder.Csg", "Unity.ProBuilder.Csg.csproj", "{12E469DF-71C7-0CBF-4941-D41F2585E48D}"
EndProject
Project("{FAE04EC0-301F-11D3-BF4B-00C04F79EFBC}") = "Unity.ProBuilder.Stl", "Unity.ProBuilder.Stl.csproj", "{5A040166-6C35-C18F-05F2-23376410F968}"
EndProject
Project("{FAE04EC0-301F-11D3-BF4B-00C04F79EFBC}") = "Unity.MemoryProfiler", "Unity.MemoryProfiler.csproj", "{18AD3424-6F55-F5C5-3E31-29CF1A8B2FCA}"
EndProject
Project("{FAE04EC0-301F-11D3-BF4B-00C04F79EFBC}") = "Unity.ProGrids", "Unity.ProGrids.csproj", "{1ABC3CD5-5B9C-D3B0-0D40-E22C4B1D887D}"
EndProject
Project("{FAE04EC0-301F-11D3-BF4B-00C04F79EFBC}") = "64bleat.MPConsole", "64bleat.MPConsole.csproj", "{78B7845A-CE8F-90AD-6A0C-C07ABFE443CB}"
EndProject
Project("{FAE04EC0-301F-11D3-BF4B-00C04F79EFBC}") = "Assembly-CSharp-Editor-firstpass", "Assembly-CSharp-Editor-firstpass.csproj", "{10FB8BAA-90E8-C1B6-CB1A-99078E013CBB}"
EndProject
Project("{FAE04EC0-301F-11D3-BF4B-00C04F79EFBC}") = "Unity.ProBuilder.Editor", "Unity.ProBuilder.Editor.csproj", "{1221F8C8-6AEC-2F18-097D-E58BE64F0B0B}"
EndProject
Project("{FAE04EC0-301F-11D3-BF4B-00C04F79EFBC}") = "Unity.TextMeshPro.Editor", "Unity.TextMeshPro.Editor.csproj", "{539CCF02-6EA1-6796-BE98-CC727667E397}"
EndProject
Project("{FAE04EC0-301F-11D3-BF4B-00C04F79EFBC}") = "Unity.Timeline.Editor", "Unity.Timeline.Editor.csproj", "{0229FA0A-5562-24AA-9735-9F46A8EF4E45}"
EndProject
Project("{FAE04EC0-301F-11D3-BF4B-00C04F79EFBC}") = "Unity.MemoryProfiler.Editor", "Unity.MemoryProfiler.Editor.csproj", "{C332AD88-F53F-D264-96CE-9BB7ADF2F713}"
EndProject
Project("{FAE04EC0-301F-11D3-BF4B-00C04F79EFBC}") = "NaughtyAttributes.Editor", "NaughtyAttributes.Editor.csproj", "{B1868A55-C954-294C-5FE6-A363925194D5}"
EndProject
Project("{FAE04EC0-301F-11D3-BF4B-00C04F79EFBC}") = "Unity.CollabProxy.Editor", "Unity.CollabProxy.Editor.csproj", "{72096A1E-23C1-7E31-2C34-C79A0042C3C2}"
EndProject
Project("{FAE04EC0-301F-11D3-BF4B-00C04F79EFBC}") = "UnityEditor.TestRunner", "UnityEditor.TestRunner.csproj", "{252F669F-8F9F-B001-BF60-9C77CB7FCE8F}"
EndProject
Project("{FAE04EC0-301F-11D3-BF4B-00C04F79EFBC}") = "Unity.Settings.Editor", "Unity.Settings.Editor.csproj", "{B4BB4D87-2466-D305-16F9-9F76A65A2D76}"
EndProject
Project("{FAE04EC0-301F-11D3-BF4B-00C04F79EFBC}") = "Unity.ProGrids.Editor", "Unity.ProGrids.Editor.csproj", "{4B691B72-90A9-DD21-E9F5-AB69E94384C9}"
EndProject
Project("{FAE04EC0-301F-11D3-BF4B-00C04F79EFBC}") = "UnityEditor.UI", "UnityEditor.UI.csproj", "{73372C5D-6F05-454D-4083-65951F57AD3C}"
EndProject
Project("{FAE04EC0-301F-11D3-BF4B-00C04F79EFBC}") = "Unity.Rider.Editor", "Unity.Rider.Editor.csproj", "{3898224A-F653-2D02-BDD9-9ED895E6B409}"
EndProject
Project("{FAE04EC0-301F-11D3-BF4B-00C04F79EFBC}") = "Unity.VisualStudio.Editor", "Unity.VisualStudio.Editor.csproj", "{4E1562F8-940A-B38A-093F-32F21B3441AC}"
EndProject
Project("{FAE04EC0-301F-11D3-BF4B-00C04F79EFBC}") = "Unity.EditorCoroutines.Editor", "Unity.EditorCoroutines.Editor.csproj", "{C6A0B33F-1E7A-81D0-3118-C917552BA26C}"
EndProject
Project("{FAE04EC0-301F-11D3-BF4B-00C04F79EFBC}") = "Unity.ProBuilder.AssetIdRemapUtility", "Unity.ProBuilder.AssetIdRemapUtility.csproj", "{0D97F0AF-BD38-65F7-804A-DBCB8FA124CE}"
EndProject
Project("{FAE04EC0-301F-11D3-BF4B-00C04F79EFBC}") = "Unity.VSCode.Editor", "Unity.VSCode.Editor.csproj", "{3F3B91F1-C294-F367-8F09-FEAF4612E832}"
EndProject
Project("{FAE04EC0-301F-11D3-BF4B-00C04F79EFBC}") = "64bleat.TetraGen.Editor", "64bleat.TetraGen.Editor.csproj", "{906BD22A-B60A-5214-3F08-34E33C2931C5}"
EndProject
Project("{FAE04EC0-301F-11D3-BF4B-00C04F79EFBC}") = "64bleat.Astronomy.Editor", "64bleat.Astronomy.Editor.csproj", "{718A3CBC-9203-EA2B-5C04-EB27CDDCBA79}"
EndProject
Project("{FAE04EC0-301F-11D3-BF4B-00C04F79EFBC}") = "MP.Editor", "MP.Editor.csproj", "{859A14DF-AA59-169C-6F6F-E7C588E3EDB9}"
EndProject
Project("{FAE04EC0-301F-11D3-BF4B-00C04F79EFBC}") = "Unity.ProBuilder.AddOns.Editor", "Unity.ProBuilder.AddOns.Editor.csproj", "{257D5479-7146-8550-1F46-1FF79CAA275A}"
EndProject
Project("{FAE04EC0-301F-11D3-BF4B-00C04F79EFBC}") = "UnityEngine.UI", "UnityEngine.UI.Player.csproj", "{9554EA06-E355-CD2E-568C-C5F3141BC318}"
EndProject
Project("{FAE04EC0-301F-11D3-BF4B-00C04F79EFBC}") = "Unity.ProBuilder", "Unity.ProBuilder.Player.csproj", "{52DEFCB7-F780-B6B2-2062-6CD7B808AA93}"
EndProject
Project("{FAE04EC0-301F-11D3-BF4B-00C04F79EFBC}") = "UnityEngine.TestRunner", "UnityEngine.TestRunner.Player.csproj", "{FEBC6E5F-067E-5A45-723A-20EF1C49F662}"
EndProject
Project("{FAE04EC0-301F-11D3-BF4B-00C04F79EFBC}") = "64bleat.Astronomy.Runtime", "64bleat.Astronomy.Runtime.Player.csproj", "{68100529-DE43-CD42-B871-F7D4F76C3865}"
EndProject
Project("{FAE04EC0-301F-11D3-BF4B-00C04F79EFBC}") = "64bleat.TetraGen", "64bleat.TetraGen.Player.csproj", "{950C6EE2-017C-5912-5A72-03F9D7F11D1C}"
EndProject
Project("{FAE04EC0-301F-11D3-BF4B-00C04F79EFBC}") = "Unity.TextMeshPro", "Unity.TextMeshPro.Player.csproj", "{960FE82F-242A-4268-0A89-453673FB5002}"
EndProject
Project("{FAE04EC0-301F-11D3-BF4B-00C04F79EFBC}") = "MP", "MP.Player.csproj", "{2A47657D-A10B-F9E6-E9BC-41364D964BCB}"
EndProject
Project("{FAE04EC0-301F-11D3-BF4B-00C04F79EFBC}") = "Unity.Timeline", "Unity.Timeline.Player.csproj", "{DD63530D-AAC7-CB69-AFBD-BA6A0764371C}"
EndProject
Project("{FAE04EC0-301F-11D3-BF4B-00C04F79EFBC}") = "Assembly-CSharp-firstpass", "Assembly-CSharp-firstpass.Player.csproj", "{CA248815-96A0-1245-8999-B7C9D7D40906}"
EndProject
Project("{FAE04EC0-301F-11D3-BF4B-00C04F79EFBC}") = "64bleat.XMLSerialization.Runtime", "64bleat.XMLSerialization.Runtime.Player.csproj", "{FB60D1AC-7A4D-5834-1658-8FBC2B52A3AB}"
EndProject
Project("{FAE04EC0-301F-11D3-BF4B-00C04F79EFBC}") = "Unity.ProBuilder.Poly2Tri", "Unity.ProBuilder.Poly2Tri.Player.csproj", "{EBD25DA0-5EAD-A833-5B68-B23DE65DB5CE}"
EndProject
Project("{FAE04EC0-301F-11D3-BF4B-00C04F79EFBC}") = "Assembly-CSharp", "Assembly-CSharp.Player.csproj", "{26A5158C-D468-D8FB-EB69-3F0058CA8F3C}"
EndProject
Project("{FAE04EC0-301F-11D3-BF4B-00C04F79EFBC}") = "NaughtyAttributes.Core", "NaughtyAttributes.Core.Player.csproj", "{A6A12464-1AD1-0609-E9DD-D91B26D3E03D}"
EndProject
Project("{FAE04EC0-301F-11D3-BF4B-00C04F79EFBC}") = "NaughtyAttributes.Test", "NaughtyAttributes.Test.Player.csproj", "{5E5AFADA-5D5A-1331-9522-B604AE5F3C2D}"
EndProject
Project("{FAE04EC0-301F-11D3-BF4B-00C04F79EFBC}") = "Unity.ProBuilder.KdTree", "Unity.ProBuilder.KdTree.Player.csproj", "{490C42F9-EA06-0518-A3A4-368069F9E05B}"
EndProject
Project("{FAE04EC0-301F-11D3-BF4B-00C04F79EFBC}") = "Unity.ProBuilder.Csg", "Unity.ProBuilder.Csg.Player.csproj", "{563E30FD-DA9F-4273-1AAB-153E9ED7DC80}"
EndProject
Project("{FAE04EC0-301F-11D3-BF4B-00C04F79EFBC}") = "Unity.ProBuilder.Stl", "Unity.ProBuilder.Stl.Player.csproj", "{86500E13-39C0-0611-E3B3-9AAF64D780C8}"
EndProject
Project("{FAE04EC0-301F-11D3-BF4B-00C04F79EFBC}") = "Unity.MemoryProfiler", "Unity.MemoryProfiler.Player.csproj", "{F8E3880A-982B-4763-9CDC-BAC62B8EF9B3}"
EndProject
Project("{FAE04EC0-301F-11D3-BF4B-00C04F79EFBC}") = "Unity.ProGrids", "Unity.ProGrids.Player.csproj", "{9C6A6E1D-6C44-3ADF-C7D2-13CEE0F74890}"
EndProject
Project("{FAE04EC0-301F-11D3-BF4B-00C04F79EFBC}") = "64bleat.MPConsole", "64bleat.MPConsole.Player.csproj", "{9F4A38B5-C1A5-D999-1863-D2D4ABE859A9}"
EndProject
Global
	GlobalSection(SolutionConfigurationPlatforms) = preSolution
		Debug|Any CPU = Debug|Any CPU
		Release|Any CPU = Release|Any CPU
	EndGlobalSection
	GlobalSection(ProjectConfigurationPlatforms) = postSolution
		{9CC0A4DE-3E9C-6E2F-9A29-EDF08A49C870}.Debug|Any CPU.ActiveCfg = Debug|Any CPU
		{9CC0A4DE-3E9C-6E2F-9A29-EDF08A49C870}.Debug|Any CPU.Build.0 = Debug|Any CPU
		{9CC0A4DE-3E9C-6E2F-9A29-EDF08A49C870}.Release|Any CPU.ActiveCfg = Release|Any CPU
		{9CC0A4DE-3E9C-6E2F-9A29-EDF08A49C870}.Release|Any CPU.Build.0 = Release|Any CPU
		{9B20E12A-0FCA-62A1-F507-616E6447A6FC}.Debug|Any CPU.ActiveCfg = Debug|Any CPU
		{9B20E12A-0FCA-62A1-F507-616E6447A6FC}.Debug|Any CPU.Build.0 = Debug|Any CPU
		{9B20E12A-0FCA-62A1-F507-616E6447A6FC}.Release|Any CPU.ActiveCfg = Release|Any CPU
		{9B20E12A-0FCA-62A1-F507-616E6447A6FC}.Release|Any CPU.Build.0 = Release|Any CPU
		{7DA03F1E-C574-2143-8DC1-F593EAB3026C}.Debug|Any CPU.ActiveCfg = Debug|Any CPU
		{7DA03F1E-C574-2143-8DC1-F593EAB3026C}.Debug|Any CPU.Build.0 = Debug|Any CPU
		{7DA03F1E-C574-2143-8DC1-F593EAB3026C}.Release|Any CPU.ActiveCfg = Release|Any CPU
		{7DA03F1E-C574-2143-8DC1-F593EAB3026C}.Release|Any CPU.Build.0 = Release|Any CPU
		{BBA4BD57-B991-DE7D-EDF4-95598FEA1818}.Debug|Any CPU.ActiveCfg = Debug|Any CPU
		{BBA4BD57-B991-DE7D-EDF4-95598FEA1818}.Debug|Any CPU.Build.0 = Debug|Any CPU
		{BBA4BD57-B991-DE7D-EDF4-95598FEA1818}.Release|Any CPU.ActiveCfg = Release|Any CPU
		{BBA4BD57-B991-DE7D-EDF4-95598FEA1818}.Release|Any CPU.Build.0 = Release|Any CPU
		{B19AD233-DBF5-3BC0-2085-FC8C4ADC09CD}.Debug|Any CPU.ActiveCfg = Debug|Any CPU
		{B19AD233-DBF5-3BC0-2085-FC8C4ADC09CD}.Debug|Any CPU.Build.0 = Debug|Any CPU
		{B19AD233-DBF5-3BC0-2085-FC8C4ADC09CD}.Release|Any CPU.ActiveCfg = Release|Any CPU
		{B19AD233-DBF5-3BC0-2085-FC8C4ADC09CD}.Release|Any CPU.Build.0 = Release|Any CPU
		{7F903274-2DB2-3613-72FC-2168B5EE9320}.Debug|Any CPU.ActiveCfg = Debug|Any CPU
		{7F903274-2DB2-3613-72FC-2168B5EE9320}.Debug|Any CPU.Build.0 = Debug|Any CPU
		{7F903274-2DB2-3613-72FC-2168B5EE9320}.Release|Any CPU.ActiveCfg = Release|Any CPU
		{7F903274-2DB2-3613-72FC-2168B5EE9320}.Release|Any CPU.Build.0 = Release|Any CPU
		{77C09CBA-E21C-6D9C-07C9-0984A2B61A31}.Debug|Any CPU.ActiveCfg = Debug|Any CPU
		{77C09CBA-E21C-6D9C-07C9-0984A2B61A31}.Debug|Any CPU.Build.0 = Debug|Any CPU
		{77C09CBA-E21C-6D9C-07C9-0984A2B61A31}.Release|Any CPU.ActiveCfg = Release|Any CPU
		{77C09CBA-E21C-6D9C-07C9-0984A2B61A31}.Release|Any CPU.Build.0 = Release|Any CPU
		{C2A9025C-181A-9BEA-1AFE-351260EC159A}.Debug|Any CPU.ActiveCfg = Debug|Any CPU
		{C2A9025C-181A-9BEA-1AFE-351260EC159A}.Debug|Any CPU.Build.0 = Debug|Any CPU
		{C2A9025C-181A-9BEA-1AFE-351260EC159A}.Release|Any CPU.ActiveCfg = Release|Any CPU
		{C2A9025C-181A-9BEA-1AFE-351260EC159A}.Release|Any CPU.Build.0 = Release|Any CPU
		{148CF0A5-76E0-FAF3-936B-2C1A96FDD2DA}.Debug|Any CPU.ActiveCfg = Debug|Any CPU
		{148CF0A5-76E0-FAF3-936B-2C1A96FDD2DA}.Debug|Any CPU.Build.0 = Debug|Any CPU
		{148CF0A5-76E0-FAF3-936B-2C1A96FDD2DA}.Release|Any CPU.ActiveCfg = Release|Any CPU
		{148CF0A5-76E0-FAF3-936B-2C1A96FDD2DA}.Release|Any CPU.Build.0 = Release|Any CPU
		{D325E381-5375-03DF-162F-077E1D515E0E}.Debug|Any CPU.ActiveCfg = Debug|Any CPU
		{D325E381-5375-03DF-162F-077E1D515E0E}.Debug|Any CPU.Build.0 = Debug|Any CPU
		{D325E381-5375-03DF-162F-077E1D515E0E}.Release|Any CPU.ActiveCfg = Release|Any CPU
		{D325E381-5375-03DF-162F-077E1D515E0E}.Release|Any CPU.Build.0 = Release|Any CPU
		{BB6DE4F4-FE55-1F23-2F09-B84826861FCD}.Debug|Any CPU.ActiveCfg = Debug|Any CPU
		{BB6DE4F4-FE55-1F23-2F09-B84826861FCD}.Debug|Any CPU.Build.0 = Debug|Any CPU
		{BB6DE4F4-FE55-1F23-2F09-B84826861FCD}.Release|Any CPU.ActiveCfg = Release|Any CPU
		{BB6DE4F4-FE55-1F23-2F09-B84826861FCD}.Release|Any CPU.Build.0 = Release|Any CPU
		{90E1DEBD-B044-D622-828B-99315D945507}.Debug|Any CPU.ActiveCfg = Debug|Any CPU
		{90E1DEBD-B044-D622-828B-99315D945507}.Debug|Any CPU.Build.0 = Debug|Any CPU
		{90E1DEBD-B044-D622-828B-99315D945507}.Release|Any CPU.ActiveCfg = Release|Any CPU
		{90E1DEBD-B044-D622-828B-99315D945507}.Release|Any CPU.Build.0 = Release|Any CPU
		{A7ECD746-DDB9-592B-C952-40917C6E6363}.Debug|Any CPU.ActiveCfg = Debug|Any CPU
		{A7ECD746-DDB9-592B-C952-40917C6E6363}.Debug|Any CPU.Build.0 = Debug|Any CPU
		{A7ECD746-DDB9-592B-C952-40917C6E6363}.Release|Any CPU.ActiveCfg = Release|Any CPU
		{A7ECD746-DDB9-592B-C952-40917C6E6363}.Release|Any CPU.Build.0 = Release|Any CPU
		{23BBC660-C6C6-D02D-916F-E4C1FF2CA9DB}.Debug|Any CPU.ActiveCfg = Debug|Any CPU
		{23BBC660-C6C6-D02D-916F-E4C1FF2CA9DB}.Debug|Any CPU.Build.0 = Debug|Any CPU
		{23BBC660-C6C6-D02D-916F-E4C1FF2CA9DB}.Release|Any CPU.ActiveCfg = Release|Any CPU
		{23BBC660-C6C6-D02D-916F-E4C1FF2CA9DB}.Release|Any CPU.Build.0 = Release|Any CPU
		{6F00A027-CE4D-9B78-55CF-6B339A2F6A7F}.Debug|Any CPU.ActiveCfg = Debug|Any CPU
		{6F00A027-CE4D-9B78-55CF-6B339A2F6A7F}.Debug|Any CPU.Build.0 = Debug|Any CPU
		{6F00A027-CE4D-9B78-55CF-6B339A2F6A7F}.Release|Any CPU.ActiveCfg = Release|Any CPU
		{6F00A027-CE4D-9B78-55CF-6B339A2F6A7F}.Release|Any CPU.Build.0 = Release|Any CPU
		{12E469DF-71C7-0CBF-4941-D41F2585E48D}.Debug|Any CPU.ActiveCfg = Debug|Any CPU
		{12E469DF-71C7-0CBF-4941-D41F2585E48D}.Debug|Any CPU.Build.0 = Debug|Any CPU
		{12E469DF-71C7-0CBF-4941-D41F2585E48D}.Release|Any CPU.ActiveCfg = Release|Any CPU
		{12E469DF-71C7-0CBF-4941-D41F2585E48D}.Release|Any CPU.Build.0 = Release|Any CPU
		{5A040166-6C35-C18F-05F2-23376410F968}.Debug|Any CPU.ActiveCfg = Debug|Any CPU
		{5A040166-6C35-C18F-05F2-23376410F968}.Debug|Any CPU.Build.0 = Debug|Any CPU
		{5A040166-6C35-C18F-05F2-23376410F968}.Release|Any CPU.ActiveCfg = Release|Any CPU
		{5A040166-6C35-C18F-05F2-23376410F968}.Release|Any CPU.Build.0 = Release|Any CPU
		{18AD3424-6F55-F5C5-3E31-29CF1A8B2FCA}.Debug|Any CPU.ActiveCfg = Debug|Any CPU
		{18AD3424-6F55-F5C5-3E31-29CF1A8B2FCA}.Debug|Any CPU.Build.0 = Debug|Any CPU
		{18AD3424-6F55-F5C5-3E31-29CF1A8B2FCA}.Release|Any CPU.ActiveCfg = Release|Any CPU
		{18AD3424-6F55-F5C5-3E31-29CF1A8B2FCA}.Release|Any CPU.Build.0 = Release|Any CPU
		{1ABC3CD5-5B9C-D3B0-0D40-E22C4B1D887D}.Debug|Any CPU.ActiveCfg = Debug|Any CPU
		{1ABC3CD5-5B9C-D3B0-0D40-E22C4B1D887D}.Debug|Any CPU.Build.0 = Debug|Any CPU
		{1ABC3CD5-5B9C-D3B0-0D40-E22C4B1D887D}.Release|Any CPU.ActiveCfg = Release|Any CPU
		{1ABC3CD5-5B9C-D3B0-0D40-E22C4B1D887D}.Release|Any CPU.Build.0 = Release|Any CPU
		{78B7845A-CE8F-90AD-6A0C-C07ABFE443CB}.Debug|Any CPU.ActiveCfg = Debug|Any CPU
		{78B7845A-CE8F-90AD-6A0C-C07ABFE443CB}.Debug|Any CPU.Build.0 = Debug|Any CPU
		{78B7845A-CE8F-90AD-6A0C-C07ABFE443CB}.Release|Any CPU.ActiveCfg = Release|Any CPU
		{78B7845A-CE8F-90AD-6A0C-C07ABFE443CB}.Release|Any CPU.Build.0 = Release|Any CPU
		{10FB8BAA-90E8-C1B6-CB1A-99078E013CBB}.Debug|Any CPU.ActiveCfg = Debug|Any CPU
		{10FB8BAA-90E8-C1B6-CB1A-99078E013CBB}.Debug|Any CPU.Build.0 = Debug|Any CPU
		{10FB8BAA-90E8-C1B6-CB1A-99078E013CBB}.Release|Any CPU.ActiveCfg = Release|Any CPU
		{10FB8BAA-90E8-C1B6-CB1A-99078E013CBB}.Release|Any CPU.Build.0 = Release|Any CPU
		{1221F8C8-6AEC-2F18-097D-E58BE64F0B0B}.Debug|Any CPU.ActiveCfg = Debug|Any CPU
		{1221F8C8-6AEC-2F18-097D-E58BE64F0B0B}.Debug|Any CPU.Build.0 = Debug|Any CPU
		{1221F8C8-6AEC-2F18-097D-E58BE64F0B0B}.Release|Any CPU.ActiveCfg = Release|Any CPU
		{1221F8C8-6AEC-2F18-097D-E58BE64F0B0B}.Release|Any CPU.Build.0 = Release|Any CPU
		{539CCF02-6EA1-6796-BE98-CC727667E397}.Debug|Any CPU.ActiveCfg = Debug|Any CPU
		{539CCF02-6EA1-6796-BE98-CC727667E397}.Debug|Any CPU.Build.0 = Debug|Any CPU
		{539CCF02-6EA1-6796-BE98-CC727667E397}.Release|Any CPU.ActiveCfg = Release|Any CPU
		{539CCF02-6EA1-6796-BE98-CC727667E397}.Release|Any CPU.Build.0 = Release|Any CPU
		{0229FA0A-5562-24AA-9735-9F46A8EF4E45}.Debug|Any CPU.ActiveCfg = Debug|Any CPU
		{0229FA0A-5562-24AA-9735-9F46A8EF4E45}.Debug|Any CPU.Build.0 = Debug|Any CPU
		{0229FA0A-5562-24AA-9735-9F46A8EF4E45}.Release|Any CPU.ActiveCfg = Release|Any CPU
		{0229FA0A-5562-24AA-9735-9F46A8EF4E45}.Release|Any CPU.Build.0 = Release|Any CPU
		{C332AD88-F53F-D264-96CE-9BB7ADF2F713}.Debug|Any CPU.ActiveCfg = Debug|Any CPU
		{C332AD88-F53F-D264-96CE-9BB7ADF2F713}.Debug|Any CPU.Build.0 = Debug|Any CPU
		{C332AD88-F53F-D264-96CE-9BB7ADF2F713}.Release|Any CPU.ActiveCfg = Release|Any CPU
		{C332AD88-F53F-D264-96CE-9BB7ADF2F713}.Release|Any CPU.Build.0 = Release|Any CPU
		{B1868A55-C954-294C-5FE6-A363925194D5}.Debug|Any CPU.ActiveCfg = Debug|Any CPU
		{B1868A55-C954-294C-5FE6-A363925194D5}.Debug|Any CPU.Build.0 = Debug|Any CPU
		{B1868A55-C954-294C-5FE6-A363925194D5}.Release|Any CPU.ActiveCfg = Release|Any CPU
		{B1868A55-C954-294C-5FE6-A363925194D5}.Release|Any CPU.Build.0 = Release|Any CPU
		{72096A1E-23C1-7E31-2C34-C79A0042C3C2}.Debug|Any CPU.ActiveCfg = Debug|Any CPU
		{72096A1E-23C1-7E31-2C34-C79A0042C3C2}.Debug|Any CPU.Build.0 = Debug|Any CPU
		{72096A1E-23C1-7E31-2C34-C79A0042C3C2}.Release|Any CPU.ActiveCfg = Release|Any CPU
		{72096A1E-23C1-7E31-2C34-C79A0042C3C2}.Release|Any CPU.Build.0 = Release|Any CPU
		{252F669F-8F9F-B001-BF60-9C77CB7FCE8F}.Debug|Any CPU.ActiveCfg = Debug|Any CPU
		{252F669F-8F9F-B001-BF60-9C77CB7FCE8F}.Debug|Any CPU.Build.0 = Debug|Any CPU
		{252F669F-8F9F-B001-BF60-9C77CB7FCE8F}.Release|Any CPU.ActiveCfg = Release|Any CPU
		{252F669F-8F9F-B001-BF60-9C77CB7FCE8F}.Release|Any CPU.Build.0 = Release|Any CPU
		{B4BB4D87-2466-D305-16F9-9F76A65A2D76}.Debug|Any CPU.ActiveCfg = Debug|Any CPU
		{B4BB4D87-2466-D305-16F9-9F76A65A2D76}.Debug|Any CPU.Build.0 = Debug|Any CPU
		{B4BB4D87-2466-D305-16F9-9F76A65A2D76}.Release|Any CPU.ActiveCfg = Release|Any CPU
		{B4BB4D87-2466-D305-16F9-9F76A65A2D76}.Release|Any CPU.Build.0 = Release|Any CPU
		{4B691B72-90A9-DD21-E9F5-AB69E94384C9}.Debug|Any CPU.ActiveCfg = Debug|Any CPU
		{4B691B72-90A9-DD21-E9F5-AB69E94384C9}.Debug|Any CPU.Build.0 = Debug|Any CPU
		{4B691B72-90A9-DD21-E9F5-AB69E94384C9}.Release|Any CPU.ActiveCfg = Release|Any CPU
		{4B691B72-90A9-DD21-E9F5-AB69E94384C9}.Release|Any CPU.Build.0 = Release|Any CPU
		{73372C5D-6F05-454D-4083-65951F57AD3C}.Debug|Any CPU.ActiveCfg = Debug|Any CPU
		{73372C5D-6F05-454D-4083-65951F57AD3C}.Debug|Any CPU.Build.0 = Debug|Any CPU
		{73372C5D-6F05-454D-4083-65951F57AD3C}.Release|Any CPU.ActiveCfg = Release|Any CPU
		{73372C5D-6F05-454D-4083-65951F57AD3C}.Release|Any CPU.Build.0 = Release|Any CPU
		{3898224A-F653-2D02-BDD9-9ED895E6B409}.Debug|Any CPU.ActiveCfg = Debug|Any CPU
		{3898224A-F653-2D02-BDD9-9ED895E6B409}.Debug|Any CPU.Build.0 = Debug|Any CPU
		{3898224A-F653-2D02-BDD9-9ED895E6B409}.Release|Any CPU.ActiveCfg = Release|Any CPU
		{3898224A-F653-2D02-BDD9-9ED895E6B409}.Release|Any CPU.Build.0 = Release|Any CPU
		{4E1562F8-940A-B38A-093F-32F21B3441AC}.Debug|Any CPU.ActiveCfg = Debug|Any CPU
		{4E1562F8-940A-B38A-093F-32F21B3441AC}.Debug|Any CPU.Build.0 = Debug|Any CPU
		{4E1562F8-940A-B38A-093F-32F21B3441AC}.Release|Any CPU.ActiveCfg = Release|Any CPU
		{4E1562F8-940A-B38A-093F-32F21B3441AC}.Release|Any CPU.Build.0 = Release|Any CPU
		{C6A0B33F-1E7A-81D0-3118-C917552BA26C}.Debug|Any CPU.ActiveCfg = Debug|Any CPU
		{C6A0B33F-1E7A-81D0-3118-C917552BA26C}.Debug|Any CPU.Build.0 = Debug|Any CPU
		{C6A0B33F-1E7A-81D0-3118-C917552BA26C}.Release|Any CPU.ActiveCfg = Release|Any CPU
		{C6A0B33F-1E7A-81D0-3118-C917552BA26C}.Release|Any CPU.Build.0 = Release|Any CPU
		{0D97F0AF-BD38-65F7-804A-DBCB8FA124CE}.Debug|Any CPU.ActiveCfg = Debug|Any CPU
		{0D97F0AF-BD38-65F7-804A-DBCB8FA124CE}.Debug|Any CPU.Build.0 = Debug|Any CPU
		{0D97F0AF-BD38-65F7-804A-DBCB8FA124CE}.Release|Any CPU.ActiveCfg = Release|Any CPU
		{0D97F0AF-BD38-65F7-804A-DBCB8FA124CE}.Release|Any CPU.Build.0 = Release|Any CPU
		{3F3B91F1-C294-F367-8F09-FEAF4612E832}.Debug|Any CPU.ActiveCfg = Debug|Any CPU
		{3F3B91F1-C294-F367-8F09-FEAF4612E832}.Debug|Any CPU.Build.0 = Debug|Any CPU
		{3F3B91F1-C294-F367-8F09-FEAF4612E832}.Release|Any CPU.ActiveCfg = Release|Any CPU
		{3F3B91F1-C294-F367-8F09-FEAF4612E832}.Release|Any CPU.Build.0 = Release|Any CPU
		{906BD22A-B60A-5214-3F08-34E33C2931C5}.Debug|Any CPU.ActiveCfg = Debug|Any CPU
		{906BD22A-B60A-5214-3F08-34E33C2931C5}.Debug|Any CPU.Build.0 = Debug|Any CPU
		{906BD22A-B60A-5214-3F08-34E33C2931C5}.Release|Any CPU.ActiveCfg = Release|Any CPU
		{906BD22A-B60A-5214-3F08-34E33C2931C5}.Release|Any CPU.Build.0 = Release|Any CPU
		{718A3CBC-9203-EA2B-5C04-EB27CDDCBA79}.Debug|Any CPU.ActiveCfg = Debug|Any CPU
		{718A3CBC-9203-EA2B-5C04-EB27CDDCBA79}.Debug|Any CPU.Build.0 = Debug|Any CPU
		{718A3CBC-9203-EA2B-5C04-EB27CDDCBA79}.Release|Any CPU.ActiveCfg = Release|Any CPU
		{718A3CBC-9203-EA2B-5C04-EB27CDDCBA79}.Release|Any CPU.Build.0 = Release|Any CPU
		{859A14DF-AA59-169C-6F6F-E7C588E3EDB9}.Debug|Any CPU.ActiveCfg = Debug|Any CPU
		{859A14DF-AA59-169C-6F6F-E7C588E3EDB9}.Debug|Any CPU.Build.0 = Debug|Any CPU
		{859A14DF-AA59-169C-6F6F-E7C588E3EDB9}.Release|Any CPU.ActiveCfg = Release|Any CPU
		{859A14DF-AA59-169C-6F6F-E7C588E3EDB9}.Release|Any CPU.Build.0 = Release|Any CPU
		{257D5479-7146-8550-1F46-1FF79CAA275A}.Debug|Any CPU.ActiveCfg = Debug|Any CPU
		{257D5479-7146-8550-1F46-1FF79CAA275A}.Debug|Any CPU.Build.0 = Debug|Any CPU
		{257D5479-7146-8550-1F46-1FF79CAA275A}.Release|Any CPU.ActiveCfg = Release|Any CPU
		{257D5479-7146-8550-1F46-1FF79CAA275A}.Release|Any CPU.Build.0 = Release|Any CPU
		{9554EA06-E355-CD2E-568C-C5F3141BC318}.Debug|Any CPU.ActiveCfg = Debug|Any CPU
		{9554EA06-E355-CD2E-568C-C5F3141BC318}.Debug|Any CPU.Build.0 = Debug|Any CPU
		{9554EA06-E355-CD2E-568C-C5F3141BC318}.Release|Any CPU.ActiveCfg = Release|Any CPU
		{9554EA06-E355-CD2E-568C-C5F3141BC318}.Release|Any CPU.Build.0 = Release|Any CPU
		{52DEFCB7-F780-B6B2-2062-6CD7B808AA93}.Debug|Any CPU.ActiveCfg = Debug|Any CPU
		{52DEFCB7-F780-B6B2-2062-6CD7B808AA93}.Debug|Any CPU.Build.0 = Debug|Any CPU
		{52DEFCB7-F780-B6B2-2062-6CD7B808AA93}.Release|Any CPU.ActiveCfg = Release|Any CPU
		{52DEFCB7-F780-B6B2-2062-6CD7B808AA93}.Release|Any CPU.Build.0 = Release|Any CPU
		{FEBC6E5F-067E-5A45-723A-20EF1C49F662}.Debug|Any CPU.ActiveCfg = Debug|Any CPU
		{FEBC6E5F-067E-5A45-723A-20EF1C49F662}.Debug|Any CPU.Build.0 = Debug|Any CPU
		{FEBC6E5F-067E-5A45-723A-20EF1C49F662}.Release|Any CPU.ActiveCfg = Release|Any CPU
		{FEBC6E5F-067E-5A45-723A-20EF1C49F662}.Release|Any CPU.Build.0 = Release|Any CPU
		{68100529-DE43-CD42-B871-F7D4F76C3865}.Debug|Any CPU.ActiveCfg = Debug|Any CPU
		{68100529-DE43-CD42-B871-F7D4F76C3865}.Debug|Any CPU.Build.0 = Debug|Any CPU
		{68100529-DE43-CD42-B871-F7D4F76C3865}.Release|Any CPU.ActiveCfg = Release|Any CPU
		{68100529-DE43-CD42-B871-F7D4F76C3865}.Release|Any CPU.Build.0 = Release|Any CPU
		{950C6EE2-017C-5912-5A72-03F9D7F11D1C}.Debug|Any CPU.ActiveCfg = Debug|Any CPU
		{950C6EE2-017C-5912-5A72-03F9D7F11D1C}.Debug|Any CPU.Build.0 = Debug|Any CPU
		{950C6EE2-017C-5912-5A72-03F9D7F11D1C}.Release|Any CPU.ActiveCfg = Release|Any CPU
		{950C6EE2-017C-5912-5A72-03F9D7F11D1C}.Release|Any CPU.Build.0 = Release|Any CPU
		{960FE82F-242A-4268-0A89-453673FB5002}.Debug|Any CPU.ActiveCfg = Debug|Any CPU
		{960FE82F-242A-4268-0A89-453673FB5002}.Debug|Any CPU.Build.0 = Debug|Any CPU
		{960FE82F-242A-4268-0A89-453673FB5002}.Release|Any CPU.ActiveCfg = Release|Any CPU
		{960FE82F-242A-4268-0A89-453673FB5002}.Release|Any CPU.Build.0 = Release|Any CPU
		{2A47657D-A10B-F9E6-E9BC-41364D964BCB}.Debug|Any CPU.ActiveCfg = Debug|Any CPU
		{2A47657D-A10B-F9E6-E9BC-41364D964BCB}.Debug|Any CPU.Build.0 = Debug|Any CPU
		{2A47657D-A10B-F9E6-E9BC-41364D964BCB}.Release|Any CPU.ActiveCfg = Release|Any CPU
		{2A47657D-A10B-F9E6-E9BC-41364D964BCB}.Release|Any CPU.Build.0 = Release|Any CPU
		{DD63530D-AAC7-CB69-AFBD-BA6A0764371C}.Debug|Any CPU.ActiveCfg = Debug|Any CPU
		{DD63530D-AAC7-CB69-AFBD-BA6A0764371C}.Debug|Any CPU.Build.0 = Debug|Any CPU
		{DD63530D-AAC7-CB69-AFBD-BA6A0764371C}.Release|Any CPU.ActiveCfg = Release|Any CPU
		{DD63530D-AAC7-CB69-AFBD-BA6A0764371C}.Release|Any CPU.Build.0 = Release|Any CPU
		{CA248815-96A0-1245-8999-B7C9D7D40906}.Debug|Any CPU.ActiveCfg = Debug|Any CPU
		{CA248815-96A0-1245-8999-B7C9D7D40906}.Debug|Any CPU.Build.0 = Debug|Any CPU
		{CA248815-96A0-1245-8999-B7C9D7D40906}.Release|Any CPU.ActiveCfg = Release|Any CPU
		{CA248815-96A0-1245-8999-B7C9D7D40906}.Release|Any CPU.Build.0 = Release|Any CPU
		{FB60D1AC-7A4D-5834-1658-8FBC2B52A3AB}.Debug|Any CPU.ActiveCfg = Debug|Any CPU
		{FB60D1AC-7A4D-5834-1658-8FBC2B52A3AB}.Debug|Any CPU.Build.0 = Debug|Any CPU
		{FB60D1AC-7A4D-5834-1658-8FBC2B52A3AB}.Release|Any CPU.ActiveCfg = Release|Any CPU
		{FB60D1AC-7A4D-5834-1658-8FBC2B52A3AB}.Release|Any CPU.Build.0 = Release|Any CPU
		{EBD25DA0-5EAD-A833-5B68-B23DE65DB5CE}.Debug|Any CPU.ActiveCfg = Debug|Any CPU
		{EBD25DA0-5EAD-A833-5B68-B23DE65DB5CE}.Debug|Any CPU.Build.0 = Debug|Any CPU
		{EBD25DA0-5EAD-A833-5B68-B23DE65DB5CE}.Release|Any CPU.ActiveCfg = Release|Any CPU
		{EBD25DA0-5EAD-A833-5B68-B23DE65DB5CE}.Release|Any CPU.Build.0 = Release|Any CPU
		{26A5158C-D468-D8FB-EB69-3F0058CA8F3C}.Debug|Any CPU.ActiveCfg = Debug|Any CPU
		{26A5158C-D468-D8FB-EB69-3F0058CA8F3C}.Debug|Any CPU.Build.0 = Debug|Any CPU
		{26A5158C-D468-D8FB-EB69-3F0058CA8F3C}.Release|Any CPU.ActiveCfg = Release|Any CPU
		{26A5158C-D468-D8FB-EB69-3F0058CA8F3C}.Release|Any CPU.Build.0 = Release|Any CPU
		{A6A12464-1AD1-0609-E9DD-D91B26D3E03D}.Debug|Any CPU.ActiveCfg = Debug|Any CPU
		{A6A12464-1AD1-0609-E9DD-D91B26D3E03D}.Debug|Any CPU.Build.0 = Debug|Any CPU
		{A6A12464-1AD1-0609-E9DD-D91B26D3E03D}.Release|Any CPU.ActiveCfg = Release|Any CPU
		{A6A12464-1AD1-0609-E9DD-D91B26D3E03D}.Release|Any CPU.Build.0 = Release|Any CPU
		{5E5AFADA-5D5A-1331-9522-B604AE5F3C2D}.Debug|Any CPU.ActiveCfg = Debug|Any CPU
		{5E5AFADA-5D5A-1331-9522-B604AE5F3C2D}.Debug|Any CPU.Build.0 = Debug|Any CPU
		{5E5AFADA-5D5A-1331-9522-B604AE5F3C2D}.Release|Any CPU.ActiveCfg = Release|Any CPU
		{5E5AFADA-5D5A-1331-9522-B604AE5F3C2D}.Release|Any CPU.Build.0 = Release|Any CPU
		{490C42F9-EA06-0518-A3A4-368069F9E05B}.Debug|Any CPU.ActiveCfg = Debug|Any CPU
		{490C42F9-EA06-0518-A3A4-368069F9E05B}.Debug|Any CPU.Build.0 = Debug|Any CPU
		{490C42F9-EA06-0518-A3A4-368069F9E05B}.Release|Any CPU.ActiveCfg = Release|Any CPU
		{490C42F9-EA06-0518-A3A4-368069F9E05B}.Release|Any CPU.Build.0 = Release|Any CPU
		{563E30FD-DA9F-4273-1AAB-153E9ED7DC80}.Debug|Any CPU.ActiveCfg = Debug|Any CPU
		{563E30FD-DA9F-4273-1AAB-153E9ED7DC80}.Debug|Any CPU.Build.0 = Debug|Any CPU
		{563E30FD-DA9F-4273-1AAB-153E9ED7DC80}.Release|Any CPU.ActiveCfg = Release|Any CPU
		{563E30FD-DA9F-4273-1AAB-153E9ED7DC80}.Release|Any CPU.Build.0 = Release|Any CPU
		{86500E13-39C0-0611-E3B3-9AAF64D780C8}.Debug|Any CPU.ActiveCfg = Debug|Any CPU
		{86500E13-39C0-0611-E3B3-9AAF64D780C8}.Debug|Any CPU.Build.0 = Debug|Any CPU
		{86500E13-39C0-0611-E3B3-9AAF64D780C8}.Release|Any CPU.ActiveCfg = Release|Any CPU
		{86500E13-39C0-0611-E3B3-9AAF64D780C8}.Release|Any CPU.Build.0 = Release|Any CPU
		{F8E3880A-982B-4763-9CDC-BAC62B8EF9B3}.Debug|Any CPU.ActiveCfg = Debug|Any CPU
		{F8E3880A-982B-4763-9CDC-BAC62B8EF9B3}.Debug|Any CPU.Build.0 = Debug|Any CPU
		{F8E3880A-982B-4763-9CDC-BAC62B8EF9B3}.Release|Any CPU.ActiveCfg = Release|Any CPU
		{F8E3880A-982B-4763-9CDC-BAC62B8EF9B3}.Release|Any CPU.Build.0 = Release|Any CPU
		{9C6A6E1D-6C44-3ADF-C7D2-13CEE0F74890}.Debug|Any CPU.ActiveCfg = Debug|Any CPU
		{9C6A6E1D-6C44-3ADF-C7D2-13CEE0F74890}.Debug|Any CPU.Build.0 = Debug|Any CPU
		{9C6A6E1D-6C44-3ADF-C7D2-13CEE0F74890}.Release|Any CPU.ActiveCfg = Release|Any CPU
		{9C6A6E1D-6C44-3ADF-C7D2-13CEE0F74890}.Release|Any CPU.Build.0 = Release|Any CPU
		{9F4A38B5-C1A5-D999-1863-D2D4ABE859A9}.Debug|Any CPU.ActiveCfg = Debug|Any CPU
		{9F4A38B5-C1A5-D999-1863-D2D4ABE859A9}.Debug|Any CPU.Build.0 = Debug|Any CPU
		{9F4A38B5-C1A5-D999-1863-D2D4ABE859A9}.Release|Any CPU.ActiveCfg = Release|Any CPU
		{9F4A38B5-C1A5-D999-1863-D2D4ABE859A9}.Release|Any CPU.Build.0 = Release|Any CPU
	EndGlobalSection
	GlobalSection(SolutionProperties) = preSolution
		HideSolutionNode = FALSE
	EndGlobalSection
EndGlobal
